{
  "object": {
    "pins": [
      {
        "package": "ActiveLabel",
        "repositoryURL": "http://192.168.0.22:3000/COD_IM/ActiveLabel.swift.git",
        "state": {
          "branch": "master",
          "revision": "a6288155995da8f360f1e4468208b6b1007e3d4e",
          "version": null
        }
      },
      {
        "package": "Lottie",
        "repositoryURL": "http://192.168.0.22:3000/COD_IM/lottie-ios.git",
        "state": {
          "branch": null,
          "revision": "4e5877425dae5c10792fc9d22d53dc6bf6824dc1",
          "version": "3.1.8"
        }
      },
      {
        "package": "RDVTabBarControllerSwift",
        "repositoryURL": "http://192.168.0.22:3000/COD_IM/RDVTabBarControllerSwift.git",
        "state": {
          "branch": "master",
          "revision": "5b109524609730ac06fe9e4323119488f180d741",
          "version": null
        }
      }
    ]
  },
  "version": 1
}
